
Microsoft Visual Studio Solution File, Format Version 12.00
# Visual Studio Version 17
VisualStudioVersion = 17.13.35828.75 d17.13
MinimumVisualStudioVersion = 10.0.40219.1
Project("{FAE04EC0-301F-11D3-BF4B-00C04F79EFBC}") = "WebApplication8", "WebApplication8\WebApplication8.csproj", "{4608F349-121B-4A68-AFD9-AEB83D1E05B4}"
EndProject
Global
	GlobalSection(SolutionConfigurationPlatforms) = preSolution
		Debug|Any CPU = Debug|Any CPU
		Release|Any CPU = Release|Any CPU
	EndGlobalSection
	GlobalSection(ProjectConfigurationPlatforms) = postSolution
		{4608F349-121B-4A68-AFD9-AEB83D1E05B4}.Debug|Any CPU.ActiveCfg = Debug|Any CPU
		{4608F349-121B-4A68-AFD9-AEB83D1E05B4}.Debug|Any CPU.Build.0 = Debug|Any CPU
		{4608F349-121B-4A68-AFD9-AEB83D1E05B4}.Release|Any CPU.ActiveCfg = Release|Any CPU
		{4608F349-121B-4A68-AFD9-AEB83D1E05B4}.Release|Any CPU.Build.0 = Release|Any CPU
	EndGlobalSection
	GlobalSection(SolutionProperties) = preSolution
		HideSolutionNode = FALSE
	EndGlobalSection
	GlobalSection(ExtensibilityGlobals) = postSolution
		SolutionGuid = {3CE1357B-047B-4FA5-8BF8-EC78C042FFB3}
	EndGlobalSection
EndGlobal
